// !$*UTF8*$!
{
	archiveVersion = 1;
	classes = {
	};
	objectVersion = 50;
	objects = {

/* Begin PBXBuildFile section */
		81788070225D02D100E770CA /* EventsApiProvider.swift in Sources */ = {isa = PBXBuildFile; fileRef = 8178806F225D02D100E770CA /* EventsApiProvider.swift */; };
		81788072225D03E000E770CA /* Result.swift in Sources */ = {isa = PBXBuildFile; fileRef = 81788071225D03E000E770CA /* Result.swift */; };
		81788074225D0BED00E770CA /* AnyError.swift in Sources */ = {isa = PBXBuildFile; fileRef = 81788073225D0BED00E770CA /* AnyError.swift */; };
		81788076225D0DFC00E770CA /* EventDetail.swift in Sources */ = {isa = PBXBuildFile; fileRef = 81788075225D0DFC00E770CA /* EventDetail.swift */; };
		81788078225D105800E770CA /* Coupon.swift in Sources */ = {isa = PBXBuildFile; fileRef = 81788077225D105800E770CA /* Coupon.swift */; };
		8178807A225D124B00E770CA /* Person.swift in Sources */ = {isa = PBXBuildFile; fileRef = 81788079225D124B00E770CA /* Person.swift */; };
		8178807C225D1C5200E770CA /* Either.swift in Sources */ = {isa = PBXBuildFile; fileRef = 8178807B225D1C5200E770CA /* Either.swift */; };
		81788081225D203000E770CA /* EventListViewController.swift in Sources */ = {isa = PBXBuildFile; fileRef = 8178807F225D203000E770CA /* EventListViewController.swift */; };
		81788082225D203000E770CA /* EventListViewController.xib in Resources */ = {isa = PBXBuildFile; fileRef = 81788080225D203000E770CA /* EventListViewController.xib */; };
		81788085225D224700E770CA /* EventTableViewCell.swift in Sources */ = {isa = PBXBuildFile; fileRef = 81788083225D224700E770CA /* EventTableViewCell.swift */; };
		81788086225D224700E770CA /* EventTableViewCell.xib in Resources */ = {isa = PBXBuildFile; fileRef = 81788084225D224700E770CA /* EventTableViewCell.xib */; };
		81788089225D972B00E770CA /* UITableViewExtensions.swift in Sources */ = {isa = PBXBuildFile; fileRef = 81788088225D972B00E770CA /* UITableViewExtensions.swift */; };
		8178808B225E572900E770CA /* MainCoodinator.swift in Sources */ = {isa = PBXBuildFile; fileRef = 8178808A225E572900E770CA /* MainCoodinator.swift */; };
		8178808D225E5BD100E770CA /* EventListViewModel.swift in Sources */ = {isa = PBXBuildFile; fileRef = 8178808C225E5BD100E770CA /* EventListViewModel.swift */; };
		8178808F225E628800E770CA /* EventViewModel.swift in Sources */ = {isa = PBXBuildFile; fileRef = 8178808E225E628800E770CA /* EventViewModel.swift */; };
		819CBFF5226070DD000C29C1 /* Event.swift in Sources */ = {isa = PBXBuildFile; fileRef = 819CBFF4226070DD000C29C1 /* Event.swift */; };
		819CBFF9226071CE000C29C1 /* EventDetailViewController.swift in Sources */ = {isa = PBXBuildFile; fileRef = 819CBFF7226071CE000C29C1 /* EventDetailViewController.swift */; };
		819CBFFA226071CE000C29C1 /* EventDetailViewController.xib in Resources */ = {isa = PBXBuildFile; fileRef = 819CBFF8226071CE000C29C1 /* EventDetailViewController.xib */; };
		819CBFFC2260721D000C29C1 /* EventDetailViewModel.swift in Sources */ = {isa = PBXBuildFile; fileRef = 819CBFFB2260721D000C29C1 /* EventDetailViewModel.swift */; };
		819CBFFF226085C8000C29C1 /* TextTableViewCell.swift in Sources */ = {isa = PBXBuildFile; fileRef = 819CBFFD226085C8000C29C1 /* TextTableViewCell.swift */; };
		819CC000226085C8000C29C1 /* TextTableViewCell.xib in Resources */ = {isa = PBXBuildFile; fileRef = 819CBFFE226085C8000C29C1 /* TextTableViewCell.xib */; };
		819CC0032260886E000C29C1 /* ImageTableViewCell.swift in Sources */ = {isa = PBXBuildFile; fileRef = 819CC0012260886E000C29C1 /* ImageTableViewCell.swift */; };
		819CC0042260886E000C29C1 /* ImageTableViewCell.xib in Resources */ = {isa = PBXBuildFile; fileRef = 819CC0022260886E000C29C1 /* ImageTableViewCell.xib */; };
		819CC00622609066000C29C1 /* UIImageView+loadImage.swift in Sources */ = {isa = PBXBuildFile; fileRef = 819CC00522609066000C29C1 /* UIImageView+loadImage.swift */; };
		819CC00A2260949A000C29C1 /* CollectionTableViewCell.swift in Sources */ = {isa = PBXBuildFile; fileRef = 819CC0082260949A000C29C1 /* CollectionTableViewCell.swift */; };
		819CC00B2260949A000C29C1 /* CollectionTableViewCell.xib in Resources */ = {isa = PBXBuildFile; fileRef = 819CC0092260949A000C29C1 /* CollectionTableViewCell.xib */; };
		819CC00E22609899000C29C1 /* ItemCollectionViewCell.swift in Sources */ = {isa = PBXBuildFile; fileRef = 819CC00C22609899000C29C1 /* ItemCollectionViewCell.swift */; };
		819CC00F22609899000C29C1 /* ItemCollectionViewCell.xib in Resources */ = {isa = PBXBuildFile; fileRef = 819CC00D22609899000C29C1 /* ItemCollectionViewCell.xib */; };
		819CC01122609A24000C29C1 /* UICollectionViewExtensions.swift in Sources */ = {isa = PBXBuildFile; fileRef = 819CC01022609A24000C29C1 /* UICollectionViewExtensions.swift */; };
		819CC01B2261141D000C29C1 /* MapTableViewCell.swift in Sources */ = {isa = PBXBuildFile; fileRef = 819CC0192261141D000C29C1 /* MapTableViewCell.swift */; };
		819CC01C2261141D000C29C1 /* MapTableViewCell.xib in Resources */ = {isa = PBXBuildFile; fileRef = 819CC01A2261141D000C29C1 /* MapTableViewCell.xib */; };
		81B33D5B225CD66400B16B6A /* AppDelegate.swift in Sources */ = {isa = PBXBuildFile; fileRef = 81B33D5A225CD66400B16B6A /* AppDelegate.swift */; };
		81B33D62225CD66500B16B6A /* Assets.xcassets in Resources */ = {isa = PBXBuildFile; fileRef = 81B33D61225CD66500B16B6A /* Assets.xcassets */; };
		81B33D65225CD66500B16B6A /* LaunchScreen.storyboard in Resources */ = {isa = PBXBuildFile; fileRef = 81B33D63225CD66500B16B6A /* LaunchScreen.storyboard */; };
		81B33D70225CD66500B16B6A /* EventsTests.swift in Sources */ = {isa = PBXBuildFile; fileRef = 81B33D6F225CD66500B16B6A /* EventsTests.swift */; };
		81B33D7E225CF53E00B16B6A /* EventsApi.swift in Sources */ = {isa = PBXBuildFile; fileRef = 81B33D7D225CF53E00B16B6A /* EventsApi.swift */; };
		81B33D80225CF5F600B16B6A /* User.swift in Sources */ = {isa = PBXBuildFile; fileRef = 81B33D7F225CF5F600B16B6A /* User.swift */; };
		AE5D61664460B9A338EF76A4 /* Pods_EventsTests.framework in Frameworks */ = {isa = PBXBuildFile; fileRef = F31CEBB7D10A6DC645FBCEF2 /* Pods_EventsTests.framework */; };
		CDA2949FEB60D9845D2975EB /* Pods_Events.framework in Frameworks */ = {isa = PBXBuildFile; fileRef = BED91B7C7BA237A1FA4CBB78 /* Pods_Events.framework */; };
/* End PBXBuildFile section */

/* Begin PBXContainerItemProxy section */
		81B33D6C225CD66500B16B6A /* PBXContainerItemProxy */ = {
			isa = PBXContainerItemProxy;
			containerPortal = 81B33D4F225CD66400B16B6A /* Project object */;
			proxyType = 1;
			remoteGlobalIDString = 81B33D56225CD66400B16B6A;
			remoteInfo = Events;
		};
/* End PBXContainerItemProxy section */

/* Begin PBXFileReference section */
		0DB00638637EF2E72E3D75D7 /* Pods-Events.debug.xcconfig */ = {isa = PBXFileReference; includeInIndex = 1; lastKnownFileType = text.xcconfig; name = "Pods-Events.debug.xcconfig"; path = "Target Support Files/Pods-Events/Pods-Events.debug.xcconfig"; sourceTree = "<group>"; };
		68D0F6D1A7E91D112A209A0F /* Pods-Events.release.xcconfig */ = {isa = PBXFileReference; includeInIndex = 1; lastKnownFileType = text.xcconfig; name = "Pods-Events.release.xcconfig"; path = "Target Support Files/Pods-Events/Pods-Events.release.xcconfig"; sourceTree = "<group>"; };
		8178806F225D02D100E770CA /* EventsApiProvider.swift */ = {isa = PBXFileReference; lastKnownFileType = sourcecode.swift; path = EventsApiProvider.swift; sourceTree = "<group>"; };
		81788071225D03E000E770CA /* Result.swift */ = {isa = PBXFileReference; lastKnownFileType = sourcecode.swift; path = Result.swift; sourceTree = "<group>"; };
		81788073225D0BED00E770CA /* AnyError.swift */ = {isa = PBXFileReference; lastKnownFileType = sourcecode.swift; path = AnyError.swift; sourceTree = "<group>"; };
		81788075225D0DFC00E770CA /* EventDetail.swift */ = {isa = PBXFileReference; lastKnownFileType = sourcecode.swift; path = EventDetail.swift; sourceTree = "<group>"; };
		81788077225D105800E770CA /* Coupon.swift */ = {isa = PBXFileReference; lastKnownFileType = sourcecode.swift; path = Coupon.swift; sourceTree = "<group>"; };
		81788079225D124B00E770CA /* Person.swift */ = {isa = PBXFileReference; lastKnownFileType = sourcecode.swift; path = Person.swift; sourceTree = "<group>"; };
		8178807B225D1C5200E770CA /* Either.swift */ = {isa = PBXFileReference; lastKnownFileType = sourcecode.swift; path = Either.swift; sourceTree = "<group>"; };
		8178807F225D203000E770CA /* EventListViewController.swift */ = {isa = PBXFileReference; lastKnownFileType = sourcecode.swift; path = EventListViewController.swift; sourceTree = "<group>"; };
		81788080225D203000E770CA /* EventListViewController.xib */ = {isa = PBXFileReference; lastKnownFileType = file.xib; path = EventListViewController.xib; sourceTree = "<group>"; };
		81788083225D224700E770CA /* EventTableViewCell.swift */ = {isa = PBXFileReference; lastKnownFileType = sourcecode.swift; path = EventTableViewCell.swift; sourceTree = "<group>"; };
		81788084225D224700E770CA /* EventTableViewCell.xib */ = {isa = PBXFileReference; lastKnownFileType = file.xib; path = EventTableViewCell.xib; sourceTree = "<group>"; };
		81788088225D972B00E770CA /* UITableViewExtensions.swift */ = {isa = PBXFileReference; lastKnownFileType = sourcecode.swift; path = UITableViewExtensions.swift; sourceTree = "<group>"; };
		8178808A225E572900E770CA /* MainCoodinator.swift */ = {isa = PBXFileReference; lastKnownFileType = sourcecode.swift; path = MainCoodinator.swift; sourceTree = "<group>"; };
		8178808C225E5BD100E770CA /* EventListViewModel.swift */ = {isa = PBXFileReference; lastKnownFileType = sourcecode.swift; path = EventListViewModel.swift; sourceTree = "<group>"; };
		8178808E225E628800E770CA /* EventViewModel.swift */ = {isa = PBXFileReference; lastKnownFileType = sourcecode.swift; path = EventViewModel.swift; sourceTree = "<group>"; };
		819CBFF4226070DD000C29C1 /* Event.swift */ = {isa = PBXFileReference; lastKnownFileType = sourcecode.swift; path = Event.swift; sourceTree = "<group>"; };
		819CBFF7226071CE000C29C1 /* EventDetailViewController.swift */ = {isa = PBXFileReference; lastKnownFileType = sourcecode.swift; path = EventDetailViewController.swift; sourceTree = "<group>"; };
		819CBFF8226071CE000C29C1 /* EventDetailViewController.xib */ = {isa = PBXFileReference; lastKnownFileType = file.xib; path = EventDetailViewController.xib; sourceTree = "<group>"; };
		819CBFFB2260721D000C29C1 /* EventDetailViewModel.swift */ = {isa = PBXFileReference; lastKnownFileType = sourcecode.swift; path = EventDetailViewModel.swift; sourceTree = "<group>"; };
		819CBFFD226085C8000C29C1 /* TextTableViewCell.swift */ = {isa = PBXFileReference; lastKnownFileType = sourcecode.swift; path = TextTableViewCell.swift; sourceTree = "<group>"; };
		819CBFFE226085C8000C29C1 /* TextTableViewCell.xib */ = {isa = PBXFileReference; lastKnownFileType = file.xib; path = TextTableViewCell.xib; sourceTree = "<group>"; };
		819CC0012260886E000C29C1 /* ImageTableViewCell.swift */ = {isa = PBXFileReference; lastKnownFileType = sourcecode.swift; path = ImageTableViewCell.swift; sourceTree = "<group>"; };
		819CC0022260886E000C29C1 /* ImageTableViewCell.xib */ = {isa = PBXFileReference; lastKnownFileType = file.xib; path = ImageTableViewCell.xib; sourceTree = "<group>"; };
		819CC00522609066000C29C1 /* UIImageView+loadImage.swift */ = {isa = PBXFileReference; lastKnownFileType = sourcecode.swift; path = "UIImageView+loadImage.swift"; sourceTree = "<group>"; };
		819CC0082260949A000C29C1 /* CollectionTableViewCell.swift */ = {isa = PBXFileReference; lastKnownFileType = sourcecode.swift; path = CollectionTableViewCell.swift; sourceTree = "<group>"; };
		819CC0092260949A000C29C1 /* CollectionTableViewCell.xib */ = {isa = PBXFileReference; lastKnownFileType = file.xib; path = CollectionTableViewCell.xib; sourceTree = "<group>"; };
		819CC00C22609899000C29C1 /* ItemCollectionViewCell.swift */ = {isa = PBXFileReference; lastKnownFileType = sourcecode.swift; path = ItemCollectionViewCell.swift; sourceTree = "<group>"; };
		819CC00D22609899000C29C1 /* ItemCollectionViewCell.xib */ = {isa = PBXFileReference; lastKnownFileType = file.xib; path = ItemCollectionViewCell.xib; sourceTree = "<group>"; };
		819CC01022609A24000C29C1 /* UICollectionViewExtensions.swift */ = {isa = PBXFileReference; lastKnownFileType = sourcecode.swift; path = UICollectionViewExtensions.swift; sourceTree = "<group>"; };
		819CC0192261141D000C29C1 /* MapTableViewCell.swift */ = {isa = PBXFileReference; lastKnownFileType = sourcecode.swift; path = MapTableViewCell.swift; sourceTree = "<group>"; };
		819CC01A2261141D000C29C1 /* MapTableViewCell.xib */ = {isa = PBXFileReference; lastKnownFileType = file.xib; path = MapTableViewCell.xib; sourceTree = "<group>"; };
		81B33D57225CD66400B16B6A /* Events.app */ = {isa = PBXFileReference; explicitFileType = wrapper.application; includeInIndex = 0; path = Events.app; sourceTree = BUILT_PRODUCTS_DIR; };
		81B33D5A225CD66400B16B6A /* AppDelegate.swift */ = {isa = PBXFileReference; lastKnownFileType = sourcecode.swift; path = AppDelegate.swift; sourceTree = "<group>"; };
		81B33D61225CD66500B16B6A /* Assets.xcassets */ = {isa = PBXFileReference; lastKnownFileType = folder.assetcatalog; path = Assets.xcassets; sourceTree = "<group>"; };
		81B33D64225CD66500B16B6A /* Base */ = {isa = PBXFileReference; lastKnownFileType = file.storyboard; name = Base; path = Base.lproj/LaunchScreen.storyboard; sourceTree = "<group>"; };
		81B33D66225CD66500B16B6A /* Info.plist */ = {isa = PBXFileReference; lastKnownFileType = text.plist.xml; path = Info.plist; sourceTree = "<group>"; };
		81B33D6B225CD66500B16B6A /* EventsTests.xctest */ = {isa = PBXFileReference; explicitFileType = wrapper.cfbundle; includeInIndex = 0; path = EventsTests.xctest; sourceTree = BUILT_PRODUCTS_DIR; };
		81B33D6F225CD66500B16B6A /* EventsTests.swift */ = {isa = PBXFileReference; lastKnownFileType = sourcecode.swift; path = EventsTests.swift; sourceTree = "<group>"; };
		81B33D71225CD66500B16B6A /* Info.plist */ = {isa = PBXFileReference; lastKnownFileType = text.plist.xml; path = Info.plist; sourceTree = "<group>"; };
		81B33D7D225CF53E00B16B6A /* EventsApi.swift */ = {isa = PBXFileReference; lastKnownFileType = sourcecode.swift; path = EventsApi.swift; sourceTree = "<group>"; };
		81B33D7F225CF5F600B16B6A /* User.swift */ = {isa = PBXFileReference; lastKnownFileType = sourcecode.swift; path = User.swift; sourceTree = "<group>"; };
		B17CB876EF0CB024E6A0EE7A /* Pods-EventsTests.debug.xcconfig */ = {isa = PBXFileReference; includeInIndex = 1; lastKnownFileType = text.xcconfig; name = "Pods-EventsTests.debug.xcconfig"; path = "Target Support Files/Pods-EventsTests/Pods-EventsTests.debug.xcconfig"; sourceTree = "<group>"; };
		BED91B7C7BA237A1FA4CBB78 /* Pods_Events.framework */ = {isa = PBXFileReference; explicitFileType = wrapper.framework; includeInIndex = 0; path = Pods_Events.framework; sourceTree = BUILT_PRODUCTS_DIR; };
		E5B2E6C9714616CD4EECE167 /* Pods-EventsTests.release.xcconfig */ = {isa = PBXFileReference; includeInIndex = 1; lastKnownFileType = text.xcconfig; name = "Pods-EventsTests.release.xcconfig"; path = "Target Support Files/Pods-EventsTests/Pods-EventsTests.release.xcconfig"; sourceTree = "<group>"; };
		F31CEBB7D10A6DC645FBCEF2 /* Pods_EventsTests.framework */ = {isa = PBXFileReference; explicitFileType = wrapper.framework; includeInIndex = 0; path = Pods_EventsTests.framework; sourceTree = BUILT_PRODUCTS_DIR; };
/* End PBXFileReference section */

/* Begin PBXFrameworksBuildPhase section */
		81B33D54225CD66400B16B6A /* Frameworks */ = {
			isa = PBXFrameworksBuildPhase;
			buildActionMask = 2147483647;
			files = (
				CDA2949FEB60D9845D2975EB /* Pods_Events.framework in Frameworks */,
			);
			runOnlyForDeploymentPostprocessing = 0;
		};
		81B33D68225CD66500B16B6A /* Frameworks */ = {
			isa = PBXFrameworksBuildPhase;
			buildActionMask = 2147483647;
			files = (
				AE5D61664460B9A338EF76A4 /* Pods_EventsTests.framework in Frameworks */,
			);
			runOnlyForDeploymentPostprocessing = 0;
		};
/* End PBXFrameworksBuildPhase section */

/* Begin PBXGroup section */
		7177FB902C058E24AD82B765 /* Frameworks */ = {
			isa = PBXGroup;
			children = (
				BED91B7C7BA237A1FA4CBB78 /* Pods_Events.framework */,
				F31CEBB7D10A6DC645FBCEF2 /* Pods_EventsTests.framework */,
			);
			name = Frameworks;
			sourceTree = "<group>";
		};
		8178806E225D026100E770CA /* Model */ = {
			isa = PBXGroup;
			children = (
				81B33D7F225CF5F600B16B6A /* User.swift */,
				81788077225D105800E770CA /* Coupon.swift */,
				81788079225D124B00E770CA /* Person.swift */,
				819CBFF4226070DD000C29C1 /* Event.swift */,
			);
			path = Model;
			sourceTree = "<group>";
		};
		8178807D225D1FF200E770CA /* Features */ = {
			isa = PBXGroup;
			children = (
				819CBFF62260719E000C29C1 /* EventDetail */,
				8178807E225D1FFD00E770CA /* EventList */,
			);
			path = Features;
			sourceTree = "<group>";
		};
		8178807E225D1FFD00E770CA /* EventList */ = {
			isa = PBXGroup;
			children = (
				8178807F225D203000E770CA /* EventListViewController.swift */,
				81788080225D203000E770CA /* EventListViewController.xib */,
				81788083225D224700E770CA /* EventTableViewCell.swift */,
				81788084225D224700E770CA /* EventTableViewCell.xib */,
				8178808C225E5BD100E770CA /* EventListViewModel.swift */,
				8178808E225E628800E770CA /* EventViewModel.swift */,
			);
			path = EventList;
			sourceTree = "<group>";
		};
		81788087225D970500E770CA /* Extensions */ = {
			isa = PBXGroup;
			children = (
				81788088225D972B00E770CA /* UITableViewExtensions.swift */,
				819CC00522609066000C29C1 /* UIImageView+loadImage.swift */,
				819CC01022609A24000C29C1 /* UICollectionViewExtensions.swift */,
			);
			path = Extensions;
			sourceTree = "<group>";
		};
		819CBFF62260719E000C29C1 /* EventDetail */ = {
			isa = PBXGroup;
			children = (
				819CBFF7226071CE000C29C1 /* EventDetailViewController.swift */,
				819CBFF8226071CE000C29C1 /* EventDetailViewController.xib */,
				819CBFFB2260721D000C29C1 /* EventDetailViewModel.swift */,
				81788075225D0DFC00E770CA /* EventDetail.swift */,
				819CC00722609348000C29C1 /* Cells */,
			);
			path = EventDetail;
			sourceTree = "<group>";
		};
		819CC00722609348000C29C1 /* Cells */ = {
			isa = PBXGroup;
			children = (
				819CBFFD226085C8000C29C1 /* TextTableViewCell.swift */,
				819CBFFE226085C8000C29C1 /* TextTableViewCell.xib */,
				819CC0012260886E000C29C1 /* ImageTableViewCell.swift */,
				819CC0022260886E000C29C1 /* ImageTableViewCell.xib */,
				819CC0082260949A000C29C1 /* CollectionTableViewCell.swift */,
				819CC0092260949A000C29C1 /* CollectionTableViewCell.xib */,
				819CC00C22609899000C29C1 /* ItemCollectionViewCell.swift */,
				819CC00D22609899000C29C1 /* ItemCollectionViewCell.xib */,
				819CC0192261141D000C29C1 /* MapTableViewCell.swift */,
				819CC01A2261141D000C29C1 /* MapTableViewCell.xib */,
			);
			path = Cells;
			sourceTree = "<group>";
		};
		81B33D4E225CD66400B16B6A = {
			isa = PBXGroup;
			children = (
				81B33D59225CD66400B16B6A /* Events */,
				81B33D6E225CD66500B16B6A /* EventsTests */,
				81B33D58225CD66400B16B6A /* Products */,
				8F3FC1D0BF3306CC4342279A /* Pods */,
				7177FB902C058E24AD82B765 /* Frameworks */,
			);
			sourceTree = "<group>";
		};
		81B33D58225CD66400B16B6A /* Products */ = {
			isa = PBXGroup;
			children = (
				81B33D57225CD66400B16B6A /* Events.app */,
				81B33D6B225CD66500B16B6A /* EventsTests.xctest */,
			);
			name = Products;
			sourceTree = "<group>";
		};
		81B33D59225CD66400B16B6A /* Events */ = {
			isa = PBXGroup;
			children = (
				8178807D225D1FF200E770CA /* Features */,
				8178806E225D026100E770CA /* Model */,
				81788087225D970500E770CA /* Extensions */,
				81B33D7C225CF3A200B16B6A /* Networking */,
				81B33D7B225CE46500B16B6A /* Supporting Files */,
				81B33D66225CD66500B16B6A /* Info.plist */,
			);
			path = Events;
			sourceTree = "<group>";
		};
		81B33D6E225CD66500B16B6A /* EventsTests */ = {
			isa = PBXGroup;
			children = (
				81B33D6F225CD66500B16B6A /* EventsTests.swift */,
				81B33D71225CD66500B16B6A /* Info.plist */,
			);
			path = EventsTests;
			sourceTree = "<group>";
		};
		81B33D7B225CE46500B16B6A /* Supporting Files */ = {
			isa = PBXGroup;
			children = (
				81B33D5A225CD66400B16B6A /* AppDelegate.swift */,
				81B33D61225CD66500B16B6A /* Assets.xcassets */,
				81B33D63225CD66500B16B6A /* LaunchScreen.storyboard */,
				8178807B225D1C5200E770CA /* Either.swift */,
				8178808A225E572900E770CA /* MainCoodinator.swift */,
			);
			path = "Supporting Files";
			sourceTree = "<group>";
		};
		81B33D7C225CF3A200B16B6A /* Networking */ = {
			isa = PBXGroup;
			children = (
				81B33D7D225CF53E00B16B6A /* EventsApi.swift */,
				8178806F225D02D100E770CA /* EventsApiProvider.swift */,
				81788071225D03E000E770CA /* Result.swift */,
				81788073225D0BED00E770CA /* AnyError.swift */,
			);
			path = Networking;
			sourceTree = "<group>";
		};
		8F3FC1D0BF3306CC4342279A /* Pods */ = {
			isa = PBXGroup;
			children = (
				0DB00638637EF2E72E3D75D7 /* Pods-Events.debug.xcconfig */,
				68D0F6D1A7E91D112A209A0F /* Pods-Events.release.xcconfig */,
				B17CB876EF0CB024E6A0EE7A /* Pods-EventsTests.debug.xcconfig */,
				E5B2E6C9714616CD4EECE167 /* Pods-EventsTests.release.xcconfig */,
			);
			path = Pods;
			sourceTree = "<group>";
		};
/* End PBXGroup section */

/* Begin PBXNativeTarget section */
		81B33D56225CD66400B16B6A /* Events */ = {
			isa = PBXNativeTarget;
			buildConfigurationList = 81B33D74225CD66500B16B6A /* Build configuration list for PBXNativeTarget "Events" */;
			buildPhases = (
				FA3595BA241F9F16435D8593 /* [CP] Check Pods Manifest.lock */,
				81B33D7A225CD8B300B16B6A /* SwiftLint */,
				81B33D53225CD66400B16B6A /* Sources */,
				81B33D54225CD66400B16B6A /* Frameworks */,
				81B33D55225CD66400B16B6A /* Resources */,
				396CD57DD6E4522838485E30 /* [CP] Embed Pods Frameworks */,
			);
			buildRules = (
			);
			dependencies = (
			);
			name = Events;
			productName = Events;
			productReference = 81B33D57225CD66400B16B6A /* Events.app */;
			productType = "com.apple.product-type.application";
		};
		81B33D6A225CD66500B16B6A /* EventsTests */ = {
			isa = PBXNativeTarget;
			buildConfigurationList = 81B33D77225CD66500B16B6A /* Build configuration list for PBXNativeTarget "EventsTests" */;
			buildPhases = (
				E84FB77F65B0EA559F392922 /* [CP] Check Pods Manifest.lock */,
				81B33D67225CD66500B16B6A /* Sources */,
				81B33D68225CD66500B16B6A /* Frameworks */,
				81B33D69225CD66500B16B6A /* Resources */,
			);
			buildRules = (
			);
			dependencies = (
				81B33D6D225CD66500B16B6A /* PBXTargetDependency */,
			);
			name = EventsTests;
			productName = EventsTests;
			productReference = 81B33D6B225CD66500B16B6A /* EventsTests.xctest */;
			productType = "com.apple.product-type.bundle.unit-test";
		};
/* End PBXNativeTarget section */

/* Begin PBXProject section */
		81B33D4F225CD66400B16B6A /* Project object */ = {
			isa = PBXProject;
			attributes = {
				LastSwiftUpdateCheck = 1010;
				LastUpgradeCheck = 1010;
				ORGANIZATIONNAME = "Homero Oliveira";
				TargetAttributes = {
					81B33D56225CD66400B16B6A = {
						CreatedOnToolsVersion = 10.1;
					};
					81B33D6A225CD66500B16B6A = {
						CreatedOnToolsVersion = 10.1;
						TestTargetID = 81B33D56225CD66400B16B6A;
					};
				};
			};
			buildConfigurationList = 81B33D52225CD66400B16B6A /* Build configuration list for PBXProject "Events" */;
			compatibilityVersion = "Xcode 9.3";
			developmentRegion = en;
			hasScannedForEncodings = 0;
			knownRegions = (
				en,
				Base,
			);
			mainGroup = 81B33D4E225CD66400B16B6A;
			productRefGroup = 81B33D58225CD66400B16B6A /* Products */;
			projectDirPath = "";
			projectRoot = "";
			targets = (
				81B33D56225CD66400B16B6A /* Events */,
				81B33D6A225CD66500B16B6A /* EventsTests */,
			);
		};
/* End PBXProject section */

/* Begin PBXResourcesBuildPhase section */
		81B33D55225CD66400B16B6A /* Resources */ = {
			isa = PBXResourcesBuildPhase;
			buildActionMask = 2147483647;
			files = (
				819CC0042260886E000C29C1 /* ImageTableViewCell.xib in Resources */,
				819CBFFA226071CE000C29C1 /* EventDetailViewController.xib in Resources */,
				81788086225D224700E770CA /* EventTableViewCell.xib in Resources */,
				819CC00B2260949A000C29C1 /* CollectionTableViewCell.xib in Resources */,
				819CC000226085C8000C29C1 /* TextTableViewCell.xib in Resources */,
				81788082225D203000E770CA /* EventListViewController.xib in Resources */,
				819CC00F22609899000C29C1 /* ItemCollectionViewCell.xib in Resources */,
				81B33D65225CD66500B16B6A /* LaunchScreen.storyboard in Resources */,
				819CC01C2261141D000C29C1 /* MapTableViewCell.xib in Resources */,
				81B33D62225CD66500B16B6A /* Assets.xcassets in Resources */,
			);
			runOnlyForDeploymentPostprocessing = 0;
		};
		81B33D69225CD66500B16B6A /* Resources */ = {
			isa = PBXResourcesBuildPhase;
			buildActionMask = 2147483647;
			files = (
			);
			runOnlyForDeploymentPostprocessing = 0;
		};
/* End PBXResourcesBuildPhase section */

/* Begin PBXShellScriptBuildPhase section */
		396CD57DD6E4522838485E30 /* [CP] Embed Pods Frameworks */ = {
			isa = PBXShellScriptBuildPhase;
			buildActionMask = 2147483647;
			files = (
			);
			inputFileListPaths = (
			);
			inputPaths = (
				"${PODS_ROOT}/Target Support Files/Pods-Events/Pods-Events-frameworks.sh",
				"${BUILT_PRODUCTS_DIR}/Kingfisher/Kingfisher.framework",
			);
			name = "[CP] Embed Pods Frameworks";
			outputFileListPaths = (
			);
			outputPaths = (
				"${TARGET_BUILD_DIR}/${FRAMEWORKS_FOLDER_PATH}/Kingfisher.framework",
			);
			runOnlyForDeploymentPostprocessing = 0;
			shellPath = /bin/sh;
			shellScript = "\"${PODS_ROOT}/Target Support Files/Pods-Events/Pods-Events-frameworks.sh\"\n";
			showEnvVarsInLog = 0;
		};
		81B33D7A225CD8B300B16B6A /* SwiftLint */ = {
			isa = PBXShellScriptBuildPhase;
			buildActionMask = 2147483647;
			files = (
			);
			inputFileListPaths = (
			);
			inputPaths = (
			);
			name = SwiftLint;
			outputFileListPaths = (
			);
			outputPaths = (
			);
			runOnlyForDeploymentPostprocessing = 0;
			shellPath = /bin/sh;
			shellScript = "\"${PODS_ROOT}/SwiftLint/swiftlint\" autocorrect\n\"${PODS_ROOT}/SwiftLint/swiftlint\"\n";
		};
		E84FB77F65B0EA559F392922 /* [CP] Check Pods Manifest.lock */ = {
			isa = PBXShellScriptBuildPhase;
			buildActionMask = 2147483647;
			files = (
			);
			inputFileListPaths = (
			);
			inputPaths = (
				"${PODS_PODFILE_DIR_PATH}/Podfile.lock",
				"${PODS_ROOT}/Manifest.lock",
			);
			name = "[CP] Check Pods Manifest.lock";
			outputFileListPaths = (
			);
			outputPaths = (
				"$(DERIVED_FILE_DIR)/Pods-EventsTests-checkManifestLockResult.txt",
			);
			runOnlyForDeploymentPostprocessing = 0;
			shellPath = /bin/sh;
			shellScript = "diff \"${PODS_PODFILE_DIR_PATH}/Podfile.lock\" \"${PODS_ROOT}/Manifest.lock\" > /dev/null\nif [ $? != 0 ] ; then\n    # print error to STDERR\n    echo \"error: The sandbox is not in sync with the Podfile.lock. Run 'pod install' or update your CocoaPods installation.\" >&2\n    exit 1\nfi\n# This output is used by Xcode 'outputs' to avoid re-running this script phase.\necho \"SUCCESS\" > \"${SCRIPT_OUTPUT_FILE_0}\"\n";
			showEnvVarsInLog = 0;
		};
		FA3595BA241F9F16435D8593 /* [CP] Check Pods Manifest.lock */ = {
			isa = PBXShellScriptBuildPhase;
			buildActionMask = 2147483647;
			files = (
			);
			inputFileListPaths = (
			);
			inputPaths = (
				"${PODS_PODFILE_DIR_PATH}/Podfile.lock",
				"${PODS_ROOT}/Manifest.lock",
			);
			name = "[CP] Check Pods Manifest.lock";
			outputFileListPaths = (
			);
			outputPaths = (
				"$(DERIVED_FILE_DIR)/Pods-Events-checkManifestLockResult.txt",
			);
			runOnlyForDeploymentPostprocessing = 0;
			shellPath = /bin/sh;
			shellScript = "diff \"${PODS_PODFILE_DIR_PATH}/Podfile.lock\" \"${PODS_ROOT}/Manifest.lock\" > /dev/null\nif [ $? != 0 ] ; then\n    # print error to STDERR\n    echo \"error: The sandbox is not in sync with the Podfile.lock. Run 'pod install' or update your CocoaPods installation.\" >&2\n    exit 1\nfi\n# This output is used by Xcode 'outputs' to avoid re-running this script phase.\necho \"SUCCESS\" > \"${SCRIPT_OUTPUT_FILE_0}\"\n";
			showEnvVarsInLog = 0;
		};
/* End PBXShellScriptBuildPhase section */

/* Begin PBXSourcesBuildPhase section */
		81B33D53225CD66400B16B6A /* Sources */ = {
			isa = PBXSourcesBuildPhase;
			buildActionMask = 2147483647;
			files = (
				819CC0032260886E000C29C1 /* ImageTableViewCell.swift in Sources */,
				81788085225D224700E770CA /* EventTableViewCell.swift in Sources */,
				819CC00A2260949A000C29C1 /* CollectionTableViewCell.swift in Sources */,
				81788070225D02D100E770CA /* EventsApiProvider.swift in Sources */,
				81788072225D03E000E770CA /* Result.swift in Sources */,
				81788089225D972B00E770CA /* UITableViewExtensions.swift in Sources */,
				81B33D5B225CD66400B16B6A /* AppDelegate.swift in Sources */,
				81788078225D105800E770CA /* Coupon.swift in Sources */,
				8178808B225E572900E770CA /* MainCoodinator.swift in Sources */,
				81788081225D203000E770CA /* EventListViewController.swift in Sources */,
				819CBFFC2260721D000C29C1 /* EventDetailViewModel.swift in Sources */,
				8178807C225D1C5200E770CA /* Either.swift in Sources */,
				81788074225D0BED00E770CA /* AnyError.swift in Sources */,
				81B33D7E225CF53E00B16B6A /* EventsApi.swift in Sources */,
				8178807A225D124B00E770CA /* Person.swift in Sources */,
				819CBFF9226071CE000C29C1 /* EventDetailViewController.swift in Sources */,
				819CBFFF226085C8000C29C1 /* TextTableViewCell.swift in Sources */,
				8178808D225E5BD100E770CA /* EventListViewModel.swift in Sources */,
				8178808F225E628800E770CA /* EventViewModel.swift in Sources */,
				819CC00622609066000C29C1 /* UIImageView+loadImage.swift in Sources */,
				819CC01122609A24000C29C1 /* UICollectionViewExtensions.swift in Sources */,
				819CBFF5226070DD000C29C1 /* Event.swift in Sources */,
				819CC01B2261141D000C29C1 /* MapTableViewCell.swift in Sources */,
				819CC00E22609899000C29C1 /* ItemCollectionViewCell.swift in Sources */,
				81788076225D0DFC00E770CA /* EventDetail.swift in Sources */,
				81B33D80225CF5F600B16B6A /* User.swift in Sources */,
			);
			runOnlyForDeploymentPostprocessing = 0;
		};
		81B33D67225CD66500B16B6A /* Sources */ = {
			isa = PBXSourcesBuildPhase;
			buildActionMask = 2147483647;
			files = (
				81B33D70225CD66500B16B6A /* EventsTests.swift in Sources */,
			);
			runOnlyForDeploymentPostprocessing = 0;
		};
/* End PBXSourcesBuildPhase section */

/* Begin PBXTargetDependency section */
		81B33D6D225CD66500B16B6A /* PBXTargetDependency */ = {
			isa = PBXTargetDependency;
			target = 81B33D56225CD66400B16B6A /* Events */;
			targetProxy = 81B33D6C225CD66500B16B6A /* PBXContainerItemProxy */;
		};
/* End PBXTargetDependency section */

/* Begin PBXVariantGroup section */
		81B33D63225CD66500B16B6A /* LaunchScreen.storyboard */ = {
			isa = PBXVariantGroup;
			children = (
				81B33D64225CD66500B16B6A /* Base */,
			);
			name = LaunchScreen.storyboard;
			sourceTree = "<group>";
		};
/* End PBXVariantGroup section */

/* Begin XCBuildConfiguration section */
		81B33D72225CD66500B16B6A /* Debug */ = {
			isa = XCBuildConfiguration;
			buildSettings = {
				ALWAYS_SEARCH_USER_PATHS = NO;
				CLANG_ANALYZER_NONNULL = YES;
				CLANG_ANALYZER_NUMBER_OBJECT_CONVERSION = YES_AGGRESSIVE;
				CLANG_CXX_LANGUAGE_STANDARD = "gnu++14";
				CLANG_CXX_LIBRARY = "libc++";
				CLANG_ENABLE_MODULES = YES;
				CLANG_ENABLE_OBJC_ARC = YES;
				CLANG_ENABLE_OBJC_WEAK = YES;
				CLANG_WARN_BLOCK_CAPTURE_AUTORELEASING = YES;
				CLANG_WARN_BOOL_CONVERSION = YES;
				CLANG_WARN_COMMA = YES;
				CLANG_WARN_CONSTANT_CONVERSION = YES;
				CLANG_WARN_DEPRECATED_OBJC_IMPLEMENTATIONS = YES;
				CLANG_WARN_DIRECT_OBJC_ISA_USAGE = YES_ERROR;
				CLANG_WARN_DOCUMENTATION_COMMENTS = YES;
				CLANG_WARN_EMPTY_BODY = YES;
				CLANG_WARN_ENUM_CONVERSION = YES;
				CLANG_WARN_INFINITE_RECURSION = YES;
				CLANG_WARN_INT_CONVERSION = YES;
				CLANG_WARN_NON_LITERAL_NULL_CONVERSION = YES;
				CLANG_WARN_OBJC_IMPLICIT_RETAIN_SELF = YES;
				CLANG_WARN_OBJC_LITERAL_CONVERSION = YES;
				CLANG_WARN_OBJC_ROOT_CLASS = YES_ERROR;
				CLANG_WARN_RANGE_LOOP_ANALYSIS = YES;
				CLANG_WARN_STRICT_PROTOTYPES = YES;
				CLANG_WARN_SUSPICIOUS_MOVE = YES;
				CLANG_WARN_UNGUARDED_AVAILABILITY = YES_AGGRESSIVE;
				CLANG_WARN_UNREACHABLE_CODE = YES;
				CLANG_WARN__DUPLICATE_METHOD_MATCH = YES;
				CODE_SIGN_IDENTITY = "iPhone Developer";
				COPY_PHASE_STRIP = NO;
				DEBUG_INFORMATION_FORMAT = dwarf;
				ENABLE_STRICT_OBJC_MSGSEND = YES;
				ENABLE_TESTABILITY = YES;
				GCC_C_LANGUAGE_STANDARD = gnu11;
				GCC_DYNAMIC_NO_PIC = NO;
				GCC_NO_COMMON_BLOCKS = YES;
				GCC_OPTIMIZATION_LEVEL = 0;
				GCC_PREPROCESSOR_DEFINITIONS = (
					"DEBUG=1",
					"$(inherited)",
				);
				GCC_WARN_64_TO_32_BIT_CONVERSION = YES;
				GCC_WARN_ABOUT_RETURN_TYPE = YES_ERROR;
				GCC_WARN_UNDECLARED_SELECTOR = YES;
				GCC_WARN_UNINITIALIZED_AUTOS = YES_AGGRESSIVE;
				GCC_WARN_UNUSED_FUNCTION = YES;
				GCC_WARN_UNUSED_VARIABLE = YES;
				IPHONEOS_DEPLOYMENT_TARGET = 12.1;
				MTL_ENABLE_DEBUG_INFO = INCLUDE_SOURCE;
				MTL_FAST_MATH = YES;
				ONLY_ACTIVE_ARCH = YES;
				SDKROOT = iphoneos;
				SWIFT_ACTIVE_COMPILATION_CONDITIONS = DEBUG;
				SWIFT_OPTIMIZATION_LEVEL = "-Onone";
			};
			name = Debug;
		};
		81B33D73225CD66500B16B6A /* Release */ = {
			isa = XCBuildConfiguration;
			buildSettings = {
				ALWAYS_SEARCH_USER_PATHS = NO;
				CLANG_ANALYZER_NONNULL = YES;
				CLANG_ANALYZER_NUMBER_OBJECT_CONVERSION = YES_AGGRESSIVE;
				CLANG_CXX_LANGUAGE_STANDARD = "gnu++14";
				CLANG_CXX_LIBRARY = "libc++";
				CLANG_ENABLE_MODULES = YES;
				CLANG_ENABLE_OBJC_ARC = YES;
				CLANG_ENABLE_OBJC_WEAK = YES;
				CLANG_WARN_BLOCK_CAPTURE_AUTORELEASING = YES;
				CLANG_WARN_BOOL_CONVERSION = YES;
				CLANG_WARN_COMMA = YES;
				CLANG_WARN_CONSTANT_CONVERSION = YES;
				CLANG_WARN_DEPRECATED_OBJC_IMPLEMENTATIONS = YES;
				CLANG_WARN_DIRECT_OBJC_ISA_USAGE = YES_ERROR;
				CLANG_WARN_DOCUMENTATION_COMMENTS = YES;
				CLANG_WARN_EMPTY_BODY = YES;
				CLANG_WARN_ENUM_CONVERSION = YES;
				CLANG_WARN_INFINITE_RECURSION = YES;
				CLANG_WARN_INT_CONVERSION = YES;
				CLANG_WARN_NON_LITERAL_NULL_CONVERSION = YES;
				CLANG_WARN_OBJC_IMPLICIT_RETAIN_SELF = YES;
				CLANG_WARN_OBJC_LITERAL_CONVERSION = YES;
				CLANG_WARN_OBJC_ROOT_CLASS = YES_ERROR;
				CLANG_WARN_RANGE_LOOP_ANALYSIS = YES;
				CLANG_WARN_STRICT_PROTOTYPES = YES;
				CLANG_WARN_SUSPICIOUS_MOVE = YES;
				CLANG_WARN_UNGUARDED_AVAILABILITY = YES_AGGRESSIVE;
				CLANG_WARN_UNREACHABLE_CODE = YES;
				CLANG_WARN__DUPLICATE_METHOD_MATCH = YES;
				CODE_SIGN_IDENTITY = "iPhone Developer";
				COPY_PHASE_STRIP = NO;
				DEBUG_INFORMATION_FORMAT = "dwarf-with-dsym";
				ENABLE_NS_ASSERTIONS = NO;
				ENABLE_STRICT_OBJC_MSGSEND = YES;
				GCC_C_LANGUAGE_STANDARD = gnu11;
				GCC_NO_COMMON_BLOCKS = YES;
				GCC_WARN_64_TO_32_BIT_CONVERSION = YES;
				GCC_WARN_ABOUT_RETURN_TYPE = YES_ERROR;
				GCC_WARN_UNDECLARED_SELECTOR = YES;
				GCC_WARN_UNINITIALIZED_AUTOS = YES_AGGRESSIVE;
				GCC_WARN_UNUSED_FUNCTION = YES;
				GCC_WARN_UNUSED_VARIABLE = YES;
				IPHONEOS_DEPLOYMENT_TARGET = 12.1;
				MTL_ENABLE_DEBUG_INFO = NO;
				MTL_FAST_MATH = YES;
				SDKROOT = iphoneos;
				SWIFT_COMPILATION_MODE = wholemodule;
				SWIFT_OPTIMIZATION_LEVEL = "-O";
				VALIDATE_PRODUCT = YES;
			};
			name = Release;
		};
		81B33D75225CD66500B16B6A /* Debug */ = {
			isa = XCBuildConfiguration;
			baseConfigurationReference = 0DB00638637EF2E72E3D75D7 /* Pods-Events.debug.xcconfig */;
			buildSettings = {
				ASSETCATALOG_COMPILER_APPICON_NAME = AppIcon;
				CODE_SIGN_STYLE = Automatic;
				DEVELOPMENT_TEAM = 6UW4NKHZQ4;
				INFOPLIST_FILE = Events/Info.plist;
				LD_RUNPATH_SEARCH_PATHS = (
					"$(inherited)",
					"@executable_path/Frameworks",
				);
				PRODUCT_BUNDLE_IDENTIFIER = com.codes.homero.oliveira.Events;
				PRODUCT_NAME = "$(TARGET_NAME)";
				SWIFT_VERSION = 4.2;
				TARGETED_DEVICE_FAMILY = "1,2";
			};
			name = Debug;
		};
		81B33D76225CD66500B16B6A /* Release */ = {
			isa = XCBuildConfiguration;
			baseConfigurationReference = 68D0F6D1A7E91D112A209A0F /* Pods-Events.release.xcconfig */;
			buildSettings = {
				ASSETCATALOG_COMPILER_APPICON_NAME = AppIcon;
				CODE_SIGN_STYLE = Automatic;
				DEVELOPMENT_TEAM = 6UW4NKHZQ4;
				INFOPLIST_FILE = Events/Info.plist;
				LD_RUNPATH_SEARCH_PATHS = (
					"$(inherited)",
					"@executable_path/Frameworks",
				);
				PRODUCT_BUNDLE_IDENTIFIER = com.codes.homero.oliveira.Events;
				PRODUCT_NAME = "$(TARGET_NAME)";
				SWIFT_VERSION = 4.2;
				TARGETED_DEVICE_FAMILY = "1,2";
			};
			name = Release;
		};
		81B33D78225CD66500B16B6A /* Debug */ = {
			isa = XCBuildConfiguration;
			baseConfigurationReference = B17CB876EF0CB024E6A0EE7A /* Pods-EventsTests.debug.xcconfig */;
			buildSettings = {
				ALWAYS_EMBED_SWIFT_STANDARD_LIBRARIES = YES;
				BUNDLE_LOADER = "$(TEST_HOST)";
				CODE_SIGN_STYLE = Automatic;
				DEVELOPMENT_TEAM = 6UW4NKHZQ4;
				INFOPLIST_FILE = EventsTests/Info.plist;
				LD_RUNPATH_SEARCH_PATHS = (
					"$(inherited)",
					"@executable_path/Frameworks",
					"@loader_path/Frameworks",
				);
				PRODUCT_BUNDLE_IDENTIFIER = com.codes.homero.oliveira.EventsTests;
				PRODUCT_NAME = "$(TARGET_NAME)";
				SWIFT_VERSION = 4.2;
				TARGETED_DEVICE_FAMILY = "1,2";
				TEST_HOST = "$(BUILT_PRODUCTS_DIR)/Events.app/Events";
			};
			name = Debug;
		};
		81B33D79225CD66500B16B6A /* Release */ = {
			isa = XCBuildConfiguration;
			baseConfigurationReference = E5B2E6C9714616CD4EECE167 /* Pods-EventsTests.release.xcconfig */;
			buildSettings = {
				ALWAYS_EMBED_SWIFT_STANDARD_LIBRARIES = YES;
				BUNDLE_LOADER = "$(TEST_HOST)";
				CODE_SIGN_STYLE = Automatic;
				DEVELOPMENT_TEAM = 6UW4NKHZQ4;
				INFOPLIST_FILE = EventsTests/Info.plist;
				LD_RUNPATH_SEARCH_PATHS = (
					"$(inherited)",
					"@executable_path/Frameworks",
					"@loader_path/Frameworks",
				);
				PRODUCT_BUNDLE_IDENTIFIER = com.codes.homero.oliveira.EventsTests;
				PRODUCT_NAME = "$(TARGET_NAME)";
				SWIFT_VERSION = 4.2;
				TARGETED_DEVICE_FAMILY = "1,2";
				TEST_HOST = "$(BUILT_PRODUCTS_DIR)/Events.app/Events";
			};
			name = Release;
		};
/* End XCBuildConfiguration section */

/* Begin XCConfigurationList section */
		81B33D52225CD66400B16B6A /* Build configuration list for PBXProject "Events" */ = {
			isa = XCConfigurationList;
			buildConfigurations = (
				81B33D72225CD66500B16B6A /* Debug */,
				81B33D73225CD66500B16B6A /* Release */,
			);
			defaultConfigurationIsVisible = 0;
			defaultConfigurationName = Release;
		};
		81B33D74225CD66500B16B6A /* Build configuration list for PBXNativeTarget "Events" */ = {
			isa = XCConfigurationList;
			buildConfigurations = (
				81B33D75225CD66500B16B6A /* Debug */,
				81B33D76225CD66500B16B6A /* Release */,
			);
			defaultConfigurationIsVisible = 0;
			defaultConfigurationName = Release;
		};
		81B33D77225CD66500B16B6A /* Build configuration list for PBXNativeTarget "EventsTests" */ = {
			isa = XCConfigurationList;
			buildConfigurations = (
				81B33D78225CD66500B16B6A /* Debug */,
				81B33D79225CD66500B16B6A /* Release */,
			);
			defaultConfigurationIsVisible = 0;
			defaultConfigurationName = Release;
		};
/* End XCConfigurationList section */
	};
	rootObject = 81B33D4F225CD66400B16B6A /* Project object */;
}
